
Microsoft Visual Studio Solution File, Format Version 12.00
# Visual Studio Version 17
VisualStudioVersion = 17.11.35222.181
MinimumVisualStudioVersion = 10.0.40219.1
Project("{888888A0-9F3D-457C-B088-3A5042F75D52}") = "p13", "p13\p13.pyproj", "{274887F3-0D3E-4F1F-9E6D-CBA448EEE30C}"
EndProject
Global
	GlobalSection(SolutionConfigurationPlatforms) = preSolution
		Debug|Any CPU = Debug|Any CPU
		Release|Any CPU = Release|Any CPU
	EndGlobalSection
	GlobalSection(ProjectConfigurationPlatforms) = postSolution
		{274887F3-0D3E-4F1F-9E6D-CBA448EEE30C}.Debug|Any CPU.ActiveCfg = Debug|Any CPU
		{274887F3-0D3E-4F1F-9E6D-CBA448EEE30C}.Release|Any CPU.ActiveCfg = Release|Any CPU
	EndGlobalSection
	GlobalSection(SolutionProperties) = preSolution
		HideSolutionNode = FALSE
	EndGlobalSection
	GlobalSection(ExtensibilityGlobals) = postSolution
		SolutionGuid = {77731A4A-87B0-4B5D-8CCC-39C29827F6C1}
	EndGlobalSection
EndGlobal
