
Microsoft Visual Studio Solution File, Format Version 12.00
# Visual Studio Version 17
VisualStudioVersion = 17.11.35222.181
MinimumVisualStudioVersion = 10.0.40219.1
Project("{888888A0-9F3D-457C-B088-3A5042F75D52}") = "p14.3", "p14.3\p14.3.pyproj", "{4399D694-5107-4627-AB7F-BC78E92DFF79}"
EndProject
Global
	GlobalSection(SolutionConfigurationPlatforms) = preSolution
		Debug|Any CPU = Debug|Any CPU
		Release|Any CPU = Release|Any CPU
	EndGlobalSection
	GlobalSection(ProjectConfigurationPlatforms) = postSolution
		{4399D694-5107-4627-AB7F-BC78E92DFF79}.Debug|Any CPU.ActiveCfg = Debug|Any CPU
		{4399D694-5107-4627-AB7F-BC78E92DFF79}.Release|Any CPU.ActiveCfg = Release|Any CPU
	EndGlobalSection
	GlobalSection(SolutionProperties) = preSolution
		HideSolutionNode = FALSE
	EndGlobalSection
	GlobalSection(ExtensibilityGlobals) = postSolution
		SolutionGuid = {C1F21AF4-1D05-4459-9CB2-B50E6DACA4B2}
	EndGlobalSection
EndGlobal
