
Microsoft Visual Studio Solution File, Format Version 12.00
# Visual Studio Version 17
VisualStudioVersion = 17.11.35222.181
MinimumVisualStudioVersion = 10.0.40219.1
Project("{888888A0-9F3D-457C-B088-3A5042F75D52}") = "p16", "p16\p16.pyproj", "{D066B6FD-2578-4858-A5AD-258965FDF42B}"
EndProject
Global
	GlobalSection(SolutionConfigurationPlatforms) = preSolution
		Debug|Any CPU = Debug|Any CPU
		Release|Any CPU = Release|Any CPU
	EndGlobalSection
	GlobalSection(ProjectConfigurationPlatforms) = postSolution
		{D066B6FD-2578-4858-A5AD-258965FDF42B}.Debug|Any CPU.ActiveCfg = Debug|Any CPU
		{D066B6FD-2578-4858-A5AD-258965FDF42B}.Release|Any CPU.ActiveCfg = Release|Any CPU
	EndGlobalSection
	GlobalSection(SolutionProperties) = preSolution
		HideSolutionNode = FALSE
	EndGlobalSection
	GlobalSection(ExtensibilityGlobals) = postSolution
		SolutionGuid = {50F13E01-30CC-4184-99C4-2EBBA394C480}
	EndGlobalSection
EndGlobal
