
Microsoft Visual Studio Solution File, Format Version 12.00
# Visual Studio Version 17
VisualStudioVersion = 17.11.35222.181
MinimumVisualStudioVersion = 10.0.40219.1
Project("{888888A0-9F3D-457C-B088-3A5042F75D52}") = "p7", "p7\p7.pyproj", "{E7A50B4E-17A4-4CE3-984A-AF42309B1BED}"
EndProject
Global
	GlobalSection(SolutionConfigurationPlatforms) = preSolution
		Debug|Any CPU = Debug|Any CPU
		Release|Any CPU = Release|Any CPU
	EndGlobalSection
	GlobalSection(ProjectConfigurationPlatforms) = postSolution
		{E7A50B4E-17A4-4CE3-984A-AF42309B1BED}.Debug|Any CPU.ActiveCfg = Debug|Any CPU
		{E7A50B4E-17A4-4CE3-984A-AF42309B1BED}.Release|Any CPU.ActiveCfg = Release|Any CPU
	EndGlobalSection
	GlobalSection(SolutionProperties) = preSolution
		HideSolutionNode = FALSE
	EndGlobalSection
	GlobalSection(ExtensibilityGlobals) = postSolution
		SolutionGuid = {F222B5F3-D331-4123-9BB9-1FFF6C7C55B0}
	EndGlobalSection
EndGlobal
