
Microsoft Visual Studio Solution File, Format Version 12.00
# Visual Studio Version 17
VisualStudioVersion = 17.11.35222.181
MinimumVisualStudioVersion = 10.0.40219.1
Project("{888888A0-9F3D-457C-B088-3A5042F75D52}") = "p_8_1", "p_8_1\p_8_1.pyproj", "{61E596D1-C4D3-4BD6-8563-6B89588DA210}"
EndProject
Global
	GlobalSection(SolutionConfigurationPlatforms) = preSolution
		Debug|Any CPU = Debug|Any CPU
		Release|Any CPU = Release|Any CPU
	EndGlobalSection
	GlobalSection(ProjectConfigurationPlatforms) = postSolution
		{61E596D1-C4D3-4BD6-8563-6B89588DA210}.Debug|Any CPU.ActiveCfg = Debug|Any CPU
		{61E596D1-C4D3-4BD6-8563-6B89588DA210}.Release|Any CPU.ActiveCfg = Release|Any CPU
	EndGlobalSection
	GlobalSection(SolutionProperties) = preSolution
		HideSolutionNode = FALSE
	EndGlobalSection
	GlobalSection(ExtensibilityGlobals) = postSolution
		SolutionGuid = {24D36CD3-05B7-488F-B127-245696803AEE}
	EndGlobalSection
EndGlobal
